
Microsoft Visual Studio Solution File, Format Version 12.00
# Visual Studio 15
VisualStudioVersion = 15.0.27130.2010
MinimumVisualStudioVersion = 10.0.40219.1
Project("{2150E333-8FDC-42A3-9474-1A3956D46DE8}") = "1.UI", "1.UI", "{16809217-FD5D-4EB5-A720-FBBFE02E684A}"
EndProject
Project("{2150E333-8FDC-42A3-9474-1A3956D46DE8}") = "3.Domain", "3.Domain", "{2D7BEB9B-E024-4B25-BD3F-F88C0B5DF7D2}"
EndProject
Project("{2150E333-8FDC-42A3-9474-1A3956D46DE8}") = "4.Infra", "4.Infra", "{2E33B985-AF6A-4F10-8C6A-6069D35E5D35}"
EndProject
Project("{2150E333-8FDC-42A3-9474-1A3956D46DE8}") = "2.Application", "2.Application", "{A9D3727A-A56A-486F-AB83-9218D93B1B16}"
EndProject
Project("{9A19103F-16F7-4668-BE54-9A1E7A4F7556}") = "SAM.DDD.Site", "SAM.DDD.Site\SAM.DDD.Site.csproj", "{9B9BE6BE-121A-41CD-B77B-31F4AC8D028A}"
EndProject
Project("{9A19103F-16F7-4668-BE54-9A1E7A4F7556}") = "SAM.DDD.Application", "SAM.DDD.Application\SAM.DDD.Application.csproj", "{B324803C-4637-4497-8D1F-9084236C9C35}"
EndProject
Project("{9A19103F-16F7-4668-BE54-9A1E7A4F7556}") = "SAM.DDD.Domain", "SAM.DDD.Domain\SAM.DDD.Domain.csproj", "{A39BDC39-227D-4CEF-BB44-E4386CB5A6B8}"
EndProject
Project("{9A19103F-16F7-4668-BE54-9A1E7A4F7556}") = "SAM.DDD.Infra.CrossCutting", "SAM.DDD.Infra.CrossCutting\SAM.DDD.Infra.CrossCutting.csproj", "{E1E6316B-1D86-40E4-AB03-31AAF8C7D840}"
EndProject
Project("{9A19103F-16F7-4668-BE54-9A1E7A4F7556}") = "SAM.DDD.Infra.CrossCutting.IoC", "SAM.DDD.Infra.CrossCutting.IoC\SAM.DDD.Infra.CrossCutting.IoC.csproj", "{D902A16A-DCA7-4F96-A707-398640E62B6A}"
EndProject
Project("{9A19103F-16F7-4668-BE54-9A1E7A4F7556}") = "SAM.DDD.Infra.Data", "SAM.DDD.Infra.Data\SAM.DDD.Infra.Data.csproj", "{7A9E82F3-6B2B-4246-8DB0-429DABFBE6CD}"
EndProject
Project("{9A19103F-16F7-4668-BE54-9A1E7A4F7556}") = "SAM.DDD.Infra.Identity", "SAM.DDD.Infra.Identity\SAM.DDD.Infra.Identity.csproj", "{9C60C053-CF64-4FA6-9CCC-C7A5C530C790}"
EndProject
Project("{9A19103F-16F7-4668-BE54-9A1E7A4F7556}") = "SAM.DDD.Infra.Seed", "SAM.DDD.Infra.Seed\SAM.DDD.Infra.Seed.csproj", "{DFE54141-BB3A-4431-BB7D-F8F6FD50DD2B}"
EndProject
Global
	GlobalSection(SolutionConfigurationPlatforms) = preSolution
		Debug|Any CPU = Debug|Any CPU
		Release|Any CPU = Release|Any CPU
	EndGlobalSection
	GlobalSection(ProjectConfigurationPlatforms) = postSolution
		{9B9BE6BE-121A-41CD-B77B-31F4AC8D028A}.Debug|Any CPU.ActiveCfg = Debug|Any CPU
		{9B9BE6BE-121A-41CD-B77B-31F4AC8D028A}.Debug|Any CPU.Build.0 = Debug|Any CPU
		{9B9BE6BE-121A-41CD-B77B-31F4AC8D028A}.Release|Any CPU.ActiveCfg = Release|Any CPU
		{9B9BE6BE-121A-41CD-B77B-31F4AC8D028A}.Release|Any CPU.Build.0 = Release|Any CPU
		{B324803C-4637-4497-8D1F-9084236C9C35}.Debug|Any CPU.ActiveCfg = Debug|Any CPU
		{B324803C-4637-4497-8D1F-9084236C9C35}.Debug|Any CPU.Build.0 = Debug|Any CPU
		{B324803C-4637-4497-8D1F-9084236C9C35}.Release|Any CPU.ActiveCfg = Release|Any CPU
		{B324803C-4637-4497-8D1F-9084236C9C35}.Release|Any CPU.Build.0 = Release|Any CPU
		{A39BDC39-227D-4CEF-BB44-E4386CB5A6B8}.Debug|Any CPU.ActiveCfg = Debug|Any CPU
		{A39BDC39-227D-4CEF-BB44-E4386CB5A6B8}.Debug|Any CPU.Build.0 = Debug|Any CPU
		{A39BDC39-227D-4CEF-BB44-E4386CB5A6B8}.Release|Any CPU.ActiveCfg = Release|Any CPU
		{A39BDC39-227D-4CEF-BB44-E4386CB5A6B8}.Release|Any CPU.Build.0 = Release|Any CPU
		{E1E6316B-1D86-40E4-AB03-31AAF8C7D840}.Debug|Any CPU.ActiveCfg = Debug|Any CPU
		{E1E6316B-1D86-40E4-AB03-31AAF8C7D840}.Debug|Any CPU.Build.0 = Debug|Any CPU
		{E1E6316B-1D86-40E4-AB03-31AAF8C7D840}.Release|Any CPU.ActiveCfg = Release|Any CPU
		{E1E6316B-1D86-40E4-AB03-31AAF8C7D840}.Release|Any CPU.Build.0 = Release|Any CPU
		{D902A16A-DCA7-4F96-A707-398640E62B6A}.Debug|Any CPU.ActiveCfg = Debug|Any CPU
		{D902A16A-DCA7-4F96-A707-398640E62B6A}.Debug|Any CPU.Build.0 = Debug|Any CPU
		{D902A16A-DCA7-4F96-A707-398640E62B6A}.Release|Any CPU.ActiveCfg = Release|Any CPU
		{D902A16A-DCA7-4F96-A707-398640E62B6A}.Release|Any CPU.Build.0 = Release|Any CPU
		{7A9E82F3-6B2B-4246-8DB0-429DABFBE6CD}.Debug|Any CPU.ActiveCfg = Debug|Any CPU
		{7A9E82F3-6B2B-4246-8DB0-429DABFBE6CD}.Debug|Any CPU.Build.0 = Debug|Any CPU
		{7A9E82F3-6B2B-4246-8DB0-429DABFBE6CD}.Release|Any CPU.ActiveCfg = Release|Any CPU
		{7A9E82F3-6B2B-4246-8DB0-429DABFBE6CD}.Release|Any CPU.Build.0 = Release|Any CPU
		{9C60C053-CF64-4FA6-9CCC-C7A5C530C790}.Debug|Any CPU.ActiveCfg = Debug|Any CPU
		{9C60C053-CF64-4FA6-9CCC-C7A5C530C790}.Debug|Any CPU.Build.0 = Debug|Any CPU
		{9C60C053-CF64-4FA6-9CCC-C7A5C530C790}.Release|Any CPU.ActiveCfg = Release|Any CPU
		{9C60C053-CF64-4FA6-9CCC-C7A5C530C790}.Release|Any CPU.Build.0 = Release|Any CPU
		{DFE54141-BB3A-4431-BB7D-F8F6FD50DD2B}.Debug|Any CPU.ActiveCfg = Debug|Any CPU
		{DFE54141-BB3A-4431-BB7D-F8F6FD50DD2B}.Debug|Any CPU.Build.0 = Debug|Any CPU
		{DFE54141-BB3A-4431-BB7D-F8F6FD50DD2B}.Release|Any CPU.ActiveCfg = Release|Any CPU
		{DFE54141-BB3A-4431-BB7D-F8F6FD50DD2B}.Release|Any CPU.Build.0 = Release|Any CPU
	EndGlobalSection
	GlobalSection(SolutionProperties) = preSolution
		HideSolutionNode = FALSE
	EndGlobalSection
	GlobalSection(NestedProjects) = preSolution
		{9B9BE6BE-121A-41CD-B77B-31F4AC8D028A} = {16809217-FD5D-4EB5-A720-FBBFE02E684A}
		{B324803C-4637-4497-8D1F-9084236C9C35} = {A9D3727A-A56A-486F-AB83-9218D93B1B16}
		{A39BDC39-227D-4CEF-BB44-E4386CB5A6B8} = {2D7BEB9B-E024-4B25-BD3F-F88C0B5DF7D2}
		{E1E6316B-1D86-40E4-AB03-31AAF8C7D840} = {2E33B985-AF6A-4F10-8C6A-6069D35E5D35}
		{D902A16A-DCA7-4F96-A707-398640E62B6A} = {2E33B985-AF6A-4F10-8C6A-6069D35E5D35}
		{7A9E82F3-6B2B-4246-8DB0-429DABFBE6CD} = {2E33B985-AF6A-4F10-8C6A-6069D35E5D35}
		{9C60C053-CF64-4FA6-9CCC-C7A5C530C790} = {2E33B985-AF6A-4F10-8C6A-6069D35E5D35}
		{DFE54141-BB3A-4431-BB7D-F8F6FD50DD2B} = {2E33B985-AF6A-4F10-8C6A-6069D35E5D35}
	EndGlobalSection
	GlobalSection(ExtensibilityGlobals) = postSolution
		SolutionGuid = {B1D658BE-4ADC-4815-8541-64985ED86012}
	EndGlobalSection
EndGlobal
